
Microsoft Visual Studio Solution File, Format Version 12.00
# Visual Studio Version 17
VisualStudioVersion = 17.10.34928.147
MinimumVisualStudioVersion = 10.0.40219.1
Project("{FAE04EC0-301F-11D3-BF4B-00C04F79EFBC}") = "RepoPatternAPI", "RepoPatternAPI.csproj", "{49A2D220-0F51-48B7-BCBC-4D2D042F922F}"
EndProject
Global
	GlobalSection(SolutionConfigurationPlatforms) = preSolution
		Debug|Any CPU = Debug|Any CPU
		Release|Any CPU = Release|Any CPU
	EndGlobalSection
	GlobalSection(ProjectConfigurationPlatforms) = postSolution
		{49A2D220-0F51-48B7-BCBC-4D2D042F922F}.Debug|Any CPU.ActiveCfg = Debug|Any CPU
		{49A2D220-0F51-48B7-BCBC-4D2D042F922F}.Debug|Any CPU.Build.0 = Debug|Any CPU
		{49A2D220-0F51-48B7-BCBC-4D2D042F922F}.Release|Any CPU.ActiveCfg = Release|Any CPU
		{49A2D220-0F51-48B7-BCBC-4D2D042F922F}.Release|Any CPU.Build.0 = Release|Any CPU
	EndGlobalSection
	GlobalSection(SolutionProperties) = preSolution
		HideSolutionNode = FALSE
	EndGlobalSection
	GlobalSection(ExtensibilityGlobals) = postSolution
		SolutionGuid = {F3AA2723-B7EF-40FA-8BA3-A1E49FC277AD}
	EndGlobalSection
EndGlobal
